
Microsoft Visual Studio Solution File, Format Version 10.00
# Visual Studio 2008
Project("{8BC9CEB8-8B4A-11D0-8D11-00A0C91BC942}") = "libCameraCaptuer", "CameraCaptuer\CameraCaptuer.vcproj", "{EFFF5A53-9308-45DB-95CB-C053DE1C76E6}"
EndProject
Project("{8BC9CEB8-8B4A-11D0-8D11-00A0C91BC942}") = "libx264", "x264\x264.vcproj", "{A7EBEA5C-A262-4CB0-85F0-A3C0F1AEE5F6}"
EndProject
Project("{8BC9CEB8-8B4A-11D0-8D11-00A0C91BC942}") = "libLive555", "Live555\Live555.vcproj", "{B8C5FC0B-B12D-4B2C-BCF8-D30772FC024E}"
	ProjectSection(ProjectDependencies) = postProject
		{C3BEFD05-A7CA-462A-959C-CD196A02A461} = {C3BEFD05-A7CA-462A-959C-CD196A02A461}
		{EFFF5A53-9308-45DB-95CB-C053DE1C76E6} = {EFFF5A53-9308-45DB-95CB-C053DE1C76E6}
		{A7EBEA5C-A262-4CB0-85F0-A3C0F1AEE5F6} = {A7EBEA5C-A262-4CB0-85F0-A3C0F1AEE5F6}
	EndProjectSection
EndProject
Project("{8BC9CEB8-8B4A-11D0-8D11-00A0C91BC942}") = "TestCamera", "TestCamera\TestCamera.vcproj", "{1C591C4B-78E4-4B92-BFB7-485CFF79143D}"
	ProjectSection(ProjectDependencies) = postProject
		{EFFF5A53-9308-45DB-95CB-C053DE1C76E6} = {EFFF5A53-9308-45DB-95CB-C053DE1C76E6}
	EndProjectSection
EndProject
Project("{8BC9CEB8-8B4A-11D0-8D11-00A0C91BC942}") = "libH264Decoder", "H264Decoder\H264Decoder.vcproj", "{C3BEFD05-A7CA-462A-959C-CD196A02A461}"
EndProject
Project("{8BC9CEB8-8B4A-11D0-8D11-00A0C91BC942}") = "TestH264Decoder", "TestH264Decoder\TestH264Decoder.vcproj", "{B36A93FE-463C-4531-8197-77CECF30315A}"
	ProjectSection(ProjectDependencies) = postProject
		{C3BEFD05-A7CA-462A-959C-CD196A02A461} = {C3BEFD05-A7CA-462A-959C-CD196A02A461}
	EndProjectSection
EndProject
Project("{8BC9CEB8-8B4A-11D0-8D11-00A0C91BC942}") = "openRTSP", "openRTSP\openRTSP.vcproj", "{6FA18DFE-8246-4F89-9BF0-0D253F90FF6D}"
	ProjectSection(ProjectDependencies) = postProject
		{C3BEFD05-A7CA-462A-959C-CD196A02A461} = {C3BEFD05-A7CA-462A-959C-CD196A02A461}
		{B8C5FC0B-B12D-4B2C-BCF8-D30772FC024E} = {B8C5FC0B-B12D-4B2C-BCF8-D30772FC024E}
		{EFFF5A53-9308-45DB-95CB-C053DE1C76E6} = {EFFF5A53-9308-45DB-95CB-C053DE1C76E6}
		{A7EBEA5C-A262-4CB0-85F0-A3C0F1AEE5F6} = {A7EBEA5C-A262-4CB0-85F0-A3C0F1AEE5F6}
	EndProjectSection
EndProject
Project("{8BC9CEB8-8B4A-11D0-8D11-00A0C91BC942}") = "RTSPServer", "RTSPServer\RTSPServer.vcproj", "{76DC116D-D325-42E3-BF45-EA6E717BB823}"
	ProjectSection(ProjectDependencies) = postProject
		{C3BEFD05-A7CA-462A-959C-CD196A02A461} = {C3BEFD05-A7CA-462A-959C-CD196A02A461}
		{B8C5FC0B-B12D-4B2C-BCF8-D30772FC024E} = {B8C5FC0B-B12D-4B2C-BCF8-D30772FC024E}
		{EFFF5A53-9308-45DB-95CB-C053DE1C76E6} = {EFFF5A53-9308-45DB-95CB-C053DE1C76E6}
		{A7EBEA5C-A262-4CB0-85F0-A3C0F1AEE5F6} = {A7EBEA5C-A262-4CB0-85F0-A3C0F1AEE5F6}
	EndProjectSection
EndProject
Global
	GlobalSection(SolutionConfigurationPlatforms) = preSolution
		Debug|Win32 = Debug|Win32
		Release|Win32 = Release|Win32
	EndGlobalSection
	GlobalSection(ProjectConfigurationPlatforms) = postSolution
		{EFFF5A53-9308-45DB-95CB-C053DE1C76E6}.Debug|Win32.ActiveCfg = Debug|Win32
		{EFFF5A53-9308-45DB-95CB-C053DE1C76E6}.Debug|Win32.Build.0 = Debug|Win32
		{EFFF5A53-9308-45DB-95CB-C053DE1C76E6}.Release|Win32.ActiveCfg = Release|Win32
		{EFFF5A53-9308-45DB-95CB-C053DE1C76E6}.Release|Win32.Build.0 = Release|Win32
		{A7EBEA5C-A262-4CB0-85F0-A3C0F1AEE5F6}.Debug|Win32.ActiveCfg = Debug|Win32
		{A7EBEA5C-A262-4CB0-85F0-A3C0F1AEE5F6}.Debug|Win32.Build.0 = Debug|Win32
		{A7EBEA5C-A262-4CB0-85F0-A3C0F1AEE5F6}.Release|Win32.ActiveCfg = Release|Win32
		{A7EBEA5C-A262-4CB0-85F0-A3C0F1AEE5F6}.Release|Win32.Build.0 = Release|Win32
		{B8C5FC0B-B12D-4B2C-BCF8-D30772FC024E}.Debug|Win32.ActiveCfg = Debug|Win32
		{B8C5FC0B-B12D-4B2C-BCF8-D30772FC024E}.Debug|Win32.Build.0 = Debug|Win32
		{B8C5FC0B-B12D-4B2C-BCF8-D30772FC024E}.Release|Win32.ActiveCfg = Release|Win32
		{B8C5FC0B-B12D-4B2C-BCF8-D30772FC024E}.Release|Win32.Build.0 = Release|Win32
		{1C591C4B-78E4-4B92-BFB7-485CFF79143D}.Debug|Win32.ActiveCfg = Debug|Win32
		{1C591C4B-78E4-4B92-BFB7-485CFF79143D}.Debug|Win32.Build.0 = Debug|Win32
		{1C591C4B-78E4-4B92-BFB7-485CFF79143D}.Release|Win32.ActiveCfg = Release|Win32
		{1C591C4B-78E4-4B92-BFB7-485CFF79143D}.Release|Win32.Build.0 = Release|Win32
		{C3BEFD05-A7CA-462A-959C-CD196A02A461}.Debug|Win32.ActiveCfg = Debug|Win32
		{C3BEFD05-A7CA-462A-959C-CD196A02A461}.Debug|Win32.Build.0 = Debug|Win32
		{C3BEFD05-A7CA-462A-959C-CD196A02A461}.Release|Win32.ActiveCfg = Release|Win32
		{C3BEFD05-A7CA-462A-959C-CD196A02A461}.Release|Win32.Build.0 = Release|Win32
		{B36A93FE-463C-4531-8197-77CECF30315A}.Debug|Win32.ActiveCfg = Debug|Win32
		{B36A93FE-463C-4531-8197-77CECF30315A}.Debug|Win32.Build.0 = Debug|Win32
		{B36A93FE-463C-4531-8197-77CECF30315A}.Release|Win32.ActiveCfg = Release|Win32
		{B36A93FE-463C-4531-8197-77CECF30315A}.Release|Win32.Build.0 = Release|Win32
		{6FA18DFE-8246-4F89-9BF0-0D253F90FF6D}.Debug|Win32.ActiveCfg = Debug|Win32
		{6FA18DFE-8246-4F89-9BF0-0D253F90FF6D}.Debug|Win32.Build.0 = Debug|Win32
		{6FA18DFE-8246-4F89-9BF0-0D253F90FF6D}.Release|Win32.ActiveCfg = Release|Win32
		{6FA18DFE-8246-4F89-9BF0-0D253F90FF6D}.Release|Win32.Build.0 = Release|Win32
		{76DC116D-D325-42E3-BF45-EA6E717BB823}.Debug|Win32.ActiveCfg = Debug|Win32
		{76DC116D-D325-42E3-BF45-EA6E717BB823}.Debug|Win32.Build.0 = Debug|Win32
		{76DC116D-D325-42E3-BF45-EA6E717BB823}.Release|Win32.ActiveCfg = Release|Win32
		{76DC116D-D325-42E3-BF45-EA6E717BB823}.Release|Win32.Build.0 = Release|Win32
	EndGlobalSection
	GlobalSection(SolutionProperties) = preSolution
		HideSolutionNode = FALSE
	EndGlobalSection
EndGlobal
